// !$*UTF8*$!
{
	archiveVersion = 1;
	classes = {
	};
	objectVersion = 50;
	objects = {

/* Begin PBXBuildFile section */
		1B02379F21CBB7430098D89A /* VideoListCell.swift in Sources */ = {isa = PBXBuildFile; fileRef = 1B02379E21CBB7430098D89A /* VideoListCell.swift */; };
		1B0237A121CBB8350098D89A /* BaseTableViewCell.swift in Sources */ = {isa = PBXBuildFile; fileRef = 1B0237A021CBB8350098D89A /* BaseTableViewCell.swift */; };
		1B0237A321CBBB390098D89A /* DownloadProgressView.swift in Sources */ = {isa = PBXBuildFile; fileRef = 1B0237A221CBBB390098D89A /* DownloadProgressView.swift */; };
		C93320CA21C9EBD000A814DA /* AppDelegate.swift in Sources */ = {isa = PBXBuildFile; fileRef = C93320C921C9EBD000A814DA /* AppDelegate.swift */; };
		C93320CC21C9EBD000A814DA /* ViewController.swift in Sources */ = {isa = PBXBuildFile; fileRef = C93320CB21C9EBD000A814DA /* ViewController.swift */; };
		C93320CF21C9EBD000A814DA /* Main.storyboard in Resources */ = {isa = PBXBuildFile; fileRef = C93320CD21C9EBD000A814DA /* Main.storyboard */; };
		C93320D121C9EBD700A814DA /* Assets.xcassets in Resources */ = {isa = PBXBuildFile; fileRef = C93320D021C9EBD700A814DA /* Assets.xcassets */; };
		C93320D421C9EBD700A814DA /* LaunchScreen.storyboard in Resources */ = {isa = PBXBuildFile; fileRef = C93320D221C9EBD700A814DA /* LaunchScreen.storyboard */; };
		C93320DF21C9EBD700A814DA /* VideoDownloaderTests.swift in Sources */ = {isa = PBXBuildFile; fileRef = C93320DE21C9EBD700A814DA /* VideoDownloaderTests.swift */; };
		C93320EA21C9EBD700A814DA /* VideoDownloaderUITests.swift in Sources */ = {isa = PBXBuildFile; fileRef = C93320E921C9EBD700A814DA /* VideoDownloaderUITests.swift */; };
		C93320F821C9EDAF00A814DA /* Layout.swift in Sources */ = {isa = PBXBuildFile; fileRef = C93320F721C9EDAF00A814DA /* Layout.swift */; };
		C93320FA21CA0D6200A814DA /* VideoListController.swift in Sources */ = {isa = PBXBuildFile; fileRef = C93320F921CA0D6200A814DA /* VideoListController.swift */; };
		C93320FC21CA0DB400A814DA /* DownloadController.swift in Sources */ = {isa = PBXBuildFile; fileRef = C93320FB21CA0DB400A814DA /* DownloadController.swift */; };
/* End PBXBuildFile section */

/* Begin PBXContainerItemProxy section */
		C93320DB21C9EBD700A814DA /* PBXContainerItemProxy */ = {
			isa = PBXContainerItemProxy;
			containerPortal = C93320BE21C9EBD000A814DA /* Project object */;
			proxyType = 1;
			remoteGlobalIDString = C93320C521C9EBD000A814DA;
			remoteInfo = VideoDownloader;
		};
		C93320E621C9EBD700A814DA /* PBXContainerItemProxy */ = {
			isa = PBXContainerItemProxy;
			containerPortal = C93320BE21C9EBD000A814DA /* Project object */;
			proxyType = 1;
			remoteGlobalIDString = C93320C521C9EBD000A814DA;
			remoteInfo = VideoDownloader;
		};
/* End PBXContainerItemProxy section */

/* Begin PBXFileReference section */
		1B02379E21CBB7430098D89A /* VideoListCell.swift */ = {isa = PBXFileReference; lastKnownFileType = sourcecode.swift; path = VideoListCell.swift; sourceTree = "<group>"; };
		1B0237A021CBB8350098D89A /* BaseTableViewCell.swift */ = {isa = PBXFileReference; lastKnownFileType = sourcecode.swift; path = BaseTableViewCell.swift; sourceTree = "<group>"; };
		1B0237A221CBBB390098D89A /* DownloadProgressView.swift */ = {isa = PBXFileReference; lastKnownFileType = sourcecode.swift; path = DownloadProgressView.swift; sourceTree = "<group>"; };
		C93320C621C9EBD000A814DA /* VideoDownloader.app */ = {isa = PBXFileReference; explicitFileType = wrapper.application; includeInIndex = 0; path = VideoDownloader.app; sourceTree = BUILT_PRODUCTS_DIR; };
		C93320C921C9EBD000A814DA /* AppDelegate.swift */ = {isa = PBXFileReference; lastKnownFileType = sourcecode.swift; path = AppDelegate.swift; sourceTree = "<group>"; };
		C93320CB21C9EBD000A814DA /* ViewController.swift */ = {isa = PBXFileReference; lastKnownFileType = sourcecode.swift; path = ViewController.swift; sourceTree = "<group>"; };
		C93320CE21C9EBD000A814DA /* Base */ = {isa = PBXFileReference; lastKnownFileType = file.storyboard; name = Base; path = Base.lproj/Main.storyboard; sourceTree = "<group>"; };
		C93320D021C9EBD700A814DA /* Assets.xcassets */ = {isa = PBXFileReference; lastKnownFileType = folder.assetcatalog; path = Assets.xcassets; sourceTree = "<group>"; };
		C93320D321C9EBD700A814DA /* Base */ = {isa = PBXFileReference; lastKnownFileType = file.storyboard; name = Base; path = Base.lproj/LaunchScreen.storyboard; sourceTree = "<group>"; };
		C93320D521C9EBD700A814DA /* Info.plist */ = {isa = PBXFileReference; lastKnownFileType = text.plist.xml; path = Info.plist; sourceTree = "<group>"; };
		C93320DA21C9EBD700A814DA /* VideoDownloaderTests.xctest */ = {isa = PBXFileReference; explicitFileType = wrapper.cfbundle; includeInIndex = 0; path = VideoDownloaderTests.xctest; sourceTree = BUILT_PRODUCTS_DIR; };
		C93320DE21C9EBD700A814DA /* VideoDownloaderTests.swift */ = {isa = PBXFileReference; lastKnownFileType = sourcecode.swift; path = VideoDownloaderTests.swift; sourceTree = "<group>"; };
		C93320E021C9EBD700A814DA /* Info.plist */ = {isa = PBXFileReference; lastKnownFileType = text.plist.xml; path = Info.plist; sourceTree = "<group>"; };
		C93320E521C9EBD700A814DA /* VideoDownloaderUITests.xctest */ = {isa = PBXFileReference; explicitFileType = wrapper.cfbundle; includeInIndex = 0; path = VideoDownloaderUITests.xctest; sourceTree = BUILT_PRODUCTS_DIR; };
		C93320E921C9EBD700A814DA /* VideoDownloaderUITests.swift */ = {isa = PBXFileReference; lastKnownFileType = sourcecode.swift; path = VideoDownloaderUITests.swift; sourceTree = "<group>"; };
		C93320EB21C9EBD700A814DA /* Info.plist */ = {isa = PBXFileReference; lastKnownFileType = text.plist.xml; path = Info.plist; sourceTree = "<group>"; };
		C93320F721C9EDAF00A814DA /* Layout.swift */ = {isa = PBXFileReference; lastKnownFileType = sourcecode.swift; path = Layout.swift; sourceTree = "<group>"; };
		C93320F921CA0D6200A814DA /* VideoListController.swift */ = {isa = PBXFileReference; lastKnownFileType = sourcecode.swift; path = VideoListController.swift; sourceTree = "<group>"; };
		C93320FB21CA0DB400A814DA /* DownloadController.swift */ = {isa = PBXFileReference; lastKnownFileType = sourcecode.swift; path = DownloadController.swift; sourceTree = "<group>"; };
/* End PBXFileReference section */

/* Begin PBXFrameworksBuildPhase section */
		C93320C321C9EBD000A814DA /* Frameworks */ = {
			isa = PBXFrameworksBuildPhase;
			buildActionMask = 2147483647;
			files = (
			);
			runOnlyForDeploymentPostprocessing = 0;
		};
		C93320D721C9EBD700A814DA /* Frameworks */ = {
			isa = PBXFrameworksBuildPhase;
			buildActionMask = 2147483647;
			files = (
			);
			runOnlyForDeploymentPostprocessing = 0;
		};
		C93320E221C9EBD700A814DA /* Frameworks */ = {
			isa = PBXFrameworksBuildPhase;
			buildActionMask = 2147483647;
			files = (
			);
			runOnlyForDeploymentPostprocessing = 0;
		};
/* End PBXFrameworksBuildPhase section */

/* Begin PBXGroup section */
		C93320BD21C9EBD000A814DA = {
			isa = PBXGroup;
			children = (
				C93320C821C9EBD000A814DA /* VideoDownloader */,
				C93320DD21C9EBD700A814DA /* VideoDownloaderTests */,
				C93320E821C9EBD700A814DA /* VideoDownloaderUITests */,
				C93320C721C9EBD000A814DA /* Products */,
			);
			sourceTree = "<group>";
		};
		C93320C721C9EBD000A814DA /* Products */ = {
			isa = PBXGroup;
			children = (
				C93320C621C9EBD000A814DA /* VideoDownloader.app */,
				C93320DA21C9EBD700A814DA /* VideoDownloaderTests.xctest */,
				C93320E521C9EBD700A814DA /* VideoDownloaderUITests.xctest */,
			);
			name = Products;
			sourceTree = "<group>";
		};
		C93320C821C9EBD000A814DA /* VideoDownloader */ = {
			isa = PBXGroup;
			children = (
				C93320C921C9EBD000A814DA /* AppDelegate.swift */,
				C93320CB21C9EBD000A814DA /* ViewController.swift */,
				C93320FB21CA0DB400A814DA /* DownloadController.swift */,
				1B0237A221CBBB390098D89A /* DownloadProgressView.swift */,
				C93320F921CA0D6200A814DA /* VideoListController.swift */,
				1B02379E21CBB7430098D89A /* VideoListCell.swift */,
				C93320F721C9EDAF00A814DA /* Layout.swift */,
				1B0237A021CBB8350098D89A /* BaseTableViewCell.swift */,
				C93320CD21C9EBD000A814DA /* Main.storyboard */,
				C93320D021C9EBD700A814DA /* Assets.xcassets */,
				C93320D221C9EBD700A814DA /* LaunchScreen.storyboard */,
				C93320D521C9EBD700A814DA /* Info.plist */,
			);
			path = VideoDownloader;
			sourceTree = "<group>";
		};
		C93320DD21C9EBD700A814DA /* VideoDownloaderTests */ = {
			isa = PBXGroup;
			children = (
				C93320DE21C9EBD700A814DA /* VideoDownloaderTests.swift */,
				C93320E021C9EBD700A814DA /* Info.plist */,
			);
			path = VideoDownloaderTests;
			sourceTree = "<group>";
		};
		C93320E821C9EBD700A814DA /* VideoDownloaderUITests */ = {
			isa = PBXGroup;
			children = (
				C93320E921C9EBD700A814DA /* VideoDownloaderUITests.swift */,
				C93320EB21C9EBD700A814DA /* Info.plist */,
			);
			path = VideoDownloaderUITests;
			sourceTree = "<group>";
		};
/* End PBXGroup section */

/* Begin PBXNativeTarget section */
		C93320C521C9EBD000A814DA /* VideoDownloader */ = {
			isa = PBXNativeTarget;
			buildConfigurationList = C93320EE21C9EBD700A814DA /* Build configuration list for PBXNativeTarget "VideoDownloader" */;
			buildPhases = (
				C93320C221C9EBD000A814DA /* Sources */,
				C93320C321C9EBD000A814DA /* Frameworks */,
				C93320C421C9EBD000A814DA /* Resources */,
			);
			buildRules = (
			);
			dependencies = (
			);
			name = VideoDownloader;
			productName = VideoDownloader;
			productReference = C93320C621C9EBD000A814DA /* VideoDownloader.app */;
			productType = "com.apple.product-type.application";
		};
		C93320D921C9EBD700A814DA /* VideoDownloaderTests */ = {
			isa = PBXNativeTarget;
			buildConfigurationList = C93320F121C9EBD700A814DA /* Build configuration list for PBXNativeTarget "VideoDownloaderTests" */;
			buildPhases = (
				C93320D621C9EBD700A814DA /* Sources */,
				C93320D721C9EBD700A814DA /* Frameworks */,
				C93320D821C9EBD700A814DA /* Resources */,
			);
			buildRules = (
			);
			dependencies = (
				C93320DC21C9EBD700A814DA /* PBXTargetDependency */,
			);
			name = VideoDownloaderTests;
			productName = VideoDownloaderTests;
			productReference = C93320DA21C9EBD700A814DA /* VideoDownloaderTests.xctest */;
			productType = "com.apple.product-type.bundle.unit-test";
		};
		C93320E421C9EBD700A814DA /* VideoDownloaderUITests */ = {
			isa = PBXNativeTarget;
			buildConfigurationList = C93320F421C9EBD700A814DA /* Build configuration list for PBXNativeTarget "VideoDownloaderUITests" */;
			buildPhases = (
				C93320E121C9EBD700A814DA /* Sources */,
				C93320E221C9EBD700A814DA /* Frameworks */,
				C93320E321C9EBD700A814DA /* Resources */,
			);
			buildRules = (
			);
			dependencies = (
				C93320E721C9EBD700A814DA /* PBXTargetDependency */,
			);
			name = VideoDownloaderUITests;
			productName = VideoDownloaderUITests;
			productReference = C93320E521C9EBD700A814DA /* VideoDownloaderUITests.xctest */;
			productType = "com.apple.product-type.bundle.ui-testing";
		};
/* End PBXNativeTarget section */

/* Begin PBXProject section */
		C93320BE21C9EBD000A814DA /* Project object */ = {
			isa = PBXProject;
			attributes = {
				LastSwiftUpdateCheck = 1010;
				LastUpgradeCheck = 1010;
				ORGANIZATIONNAME = churabou;
				TargetAttributes = {
					C93320C521C9EBD000A814DA = {
						CreatedOnToolsVersion = 10.1;
					};
					C93320D921C9EBD700A814DA = {
						CreatedOnToolsVersion = 10.1;
						TestTargetID = C93320C521C9EBD000A814DA;
					};
					C93320E421C9EBD700A814DA = {
						CreatedOnToolsVersion = 10.1;
						TestTargetID = C93320C521C9EBD000A814DA;
					};
				};
			};
			buildConfigurationList = C93320C121C9EBD000A814DA /* Build configuration list for PBXProject "VideoDownloader" */;
			compatibilityVersion = "Xcode 9.3";
			developmentRegion = en;
			hasScannedForEncodings = 0;
			knownRegions = (
				en,
				Base,
			);
			mainGroup = C93320BD21C9EBD000A814DA;
			productRefGroup = C93320C721C9EBD000A814DA /* Products */;
			projectDirPath = "";
			projectRoot = "";
			targets = (
				C93320C521C9EBD000A814DA /* VideoDownloader */,
				C93320D921C9EBD700A814DA /* VideoDownloaderTests */,
				C93320E421C9EBD700A814DA /* VideoDownloaderUITests */,
			);
		};
/* End PBXProject section */

/* Begin PBXResourcesBuildPhase section */
		C93320C421C9EBD000A814DA /* Resources */ = {
			isa = PBXResourcesBuildPhase;
			buildActionMask = 2147483647;
			files = (
				C93320D421C9EBD700A814DA /* LaunchScreen.storyboard in Resources */,
				C93320D121C9EBD700A814DA /* Assets.xcassets in Resources */,
				C93320CF21C9EBD000A814DA /* Main.storyboard in Resources */,
			);
			runOnlyForDeploymentPostprocessing = 0;
		};
		C93320D821C9EBD700A814DA /* Resources */ = {
			isa = PBXResourcesBuildPhase;
			buildActionMask = 2147483647;
			files = (
			);
			runOnlyForDeploymentPostprocessing = 0;
		};
		C93320E321C9EBD700A814DA /* Resources */ = {
			isa = PBXResourcesBuildPhase;
			buildActionMask = 2147483647;
			files = (
			);
			runOnlyForDeploymentPostprocessing = 0;
		};
/* End PBXResourcesBuildPhase section */

/* Begin PBXSourcesBuildPhase section */
		C93320C221C9EBD000A814DA /* Sources */ = {
			isa = PBXSourcesBuildPhase;
			buildActionMask = 2147483647;
			files = (
				C93320CC21C9EBD000A814DA /* ViewController.swift in Sources */,
				C93320CA21C9EBD000A814DA /* AppDelegate.swift in Sources */,
				C93320F821C9EDAF00A814DA /* Layout.swift in Sources */,
				C93320FA21CA0D6200A814DA /* VideoListController.swift in Sources */,
				1B0237A121CBB8350098D89A /* BaseTableViewCell.swift in Sources */,
				1B0237A321CBBB390098D89A /* DownloadProgressView.swift in Sources */,
				C93320FC21CA0DB400A814DA /* DownloadController.swift in Sources */,
				1B02379F21CBB7430098D89A /* VideoListCell.swift in Sources */,
			);
			runOnlyForDeploymentPostprocessing = 0;
		};
		C93320D621C9EBD700A814DA /* Sources */ = {
			isa = PBXSourcesBuildPhase;
			buildActionMask = 2147483647;
			files = (
				C93320DF21C9EBD700A814DA /* VideoDownloaderTests.swift in Sources */,
			);
			runOnlyForDeploymentPostprocessing = 0;
		};
		C93320E121C9EBD700A814DA /* Sources */ = {
			isa = PBXSourcesBuildPhase;
			buildActionMask = 2147483647;
			files = (
				C93320EA21C9EBD700A814DA /* VideoDownloaderUITests.swift in Sources */,
			);
			runOnlyForDeploymentPostprocessing = 0;
		};
/* End PBXSourcesBuildPhase section */

/* Begin PBXTargetDependency section */
		C93320DC21C9EBD700A814DA /* PBXTargetDependency */ = {
			isa = PBXTargetDependency;
			target = C93320C521C9EBD000A814DA /* VideoDownloader */;
			targetProxy = C93320DB21C9EBD700A814DA /* PBXContainerItemProxy */;
		};
		C93320E721C9EBD700A814DA /* PBXTargetDependency */ = {
			isa = PBXTargetDependency;
			target = C93320C521C9EBD000A814DA /* VideoDownloader */;
			targetProxy = C93320E621C9EBD700A814DA /* PBXContainerItemProxy */;
		};
/* End PBXTargetDependency section */

/* Begin PBXVariantGroup section */
		C93320CD21C9EBD000A814DA /* Main.storyboard */ = {
			isa = PBXVariantGroup;
			children = (
				C93320CE21C9EBD000A814DA /* Base */,
			);
			name = Main.storyboard;
			sourceTree = "<group>";
		};
		C93320D221C9EBD700A814DA /* LaunchScreen.storyboard */ = {
			isa = PBXVariantGroup;
			children = (
				C93320D321C9EBD700A814DA /* Base */,
			);
			name = LaunchScreen.storyboard;
			sourceTree = "<group>";
		};
/* End PBXVariantGroup section */

/* Begin XCBuildConfiguration section */
		C93320EC21C9EBD700A814DA /* Debug */ = {
			isa = XCBuildConfiguration;
			buildSettings = {
				ALWAYS_SEARCH_USER_PATHS = NO;
				CLANG_ANALYZER_NONNULL = YES;
				CLANG_ANALYZER_NUMBER_OBJECT_CONVERSION = YES_AGGRESSIVE;
				CLANG_CXX_LANGUAGE_STANDARD = "gnu++14";
				CLANG_CXX_LIBRARY = "libc++";
				CLANG_ENABLE_MODULES = YES;
				CLANG_ENABLE_OBJC_ARC = YES;
				CLANG_ENABLE_OBJC_WEAK = YES;
				CLANG_WARN_BLOCK_CAPTURE_AUTORELEASING = YES;
				CLANG_WARN_BOOL_CONVERSION = YES;
				CLANG_WARN_COMMA = YES;
				CLANG_WARN_CONSTANT_CONVERSION = YES;
				CLANG_WARN_DEPRECATED_OBJC_IMPLEMENTATIONS = YES;
				CLANG_WARN_DIRECT_OBJC_ISA_USAGE = YES_ERROR;
				CLANG_WARN_DOCUMENTATION_COMMENTS = YES;
				CLANG_WARN_EMPTY_BODY = YES;
				CLANG_WARN_ENUM_CONVERSION = YES;
				CLANG_WARN_INFINITE_RECURSION = YES;
				CLANG_WARN_INT_CONVERSION = YES;
				CLANG_WARN_NON_LITERAL_NULL_CONVERSION = YES;
				CLANG_WARN_OBJC_IMPLICIT_RETAIN_SELF = YES;
				CLANG_WARN_OBJC_LITERAL_CONVERSION = YES;
				CLANG_WARN_OBJC_ROOT_CLASS = YES_ERROR;
				CLANG_WARN_RANGE_LOOP_ANALYSIS = YES;
				CLANG_WARN_STRICT_PROTOTYPES = YES;
				CLANG_WARN_SUSPICIOUS_MOVE = YES;
				CLANG_WARN_UNGUARDED_AVAILABILITY = YES_AGGRESSIVE;
				CLANG_WARN_UNREACHABLE_CODE = YES;
				CLANG_WARN__DUPLICATE_METHOD_MATCH = YES;
				CODE_SIGN_IDENTITY = "iPhone Developer";
				COPY_PHASE_STRIP = NO;
				DEBUG_INFORMATION_FORMAT = dwarf;
				ENABLE_STRICT_OBJC_MSGSEND = YES;
				ENABLE_TESTABILITY = YES;
				GCC_C_LANGUAGE_STANDARD = gnu11;
				GCC_DYNAMIC_NO_PIC = NO;
				GCC_NO_COMMON_BLOCKS = YES;
				GCC_OPTIMIZATION_LEVEL = 0;
				GCC_PREPROCESSOR_DEFINITIONS = (
					"DEBUG=1",
					"$(inherited)",
				);
				GCC_WARN_64_TO_32_BIT_CONVERSION = YES;
				GCC_WARN_ABOUT_RETURN_TYPE = YES_ERROR;
				GCC_WARN_UNDECLARED_SELECTOR = YES;
				GCC_WARN_UNINITIALIZED_AUTOS = YES_AGGRESSIVE;
				GCC_WARN_UNUSED_FUNCTION = YES;
				GCC_WARN_UNUSED_VARIABLE = YES;
				IPHONEOS_DEPLOYMENT_TARGET = 12.1;
				MTL_ENABLE_DEBUG_INFO = INCLUDE_SOURCE;
				MTL_FAST_MATH = YES;
				ONLY_ACTIVE_ARCH = YES;
				SDKROOT = iphoneos;
				SWIFT_ACTIVE_COMPILATION_CONDITIONS = DEBUG;
				SWIFT_OPTIMIZATION_LEVEL = "-Onone";
			};
			name = Debug;
		};
		C93320ED21C9EBD700A814DA /* Release */ = {
			isa = XCBuildConfiguration;
			buildSettings = {
				ALWAYS_SEARCH_USER_PATHS = NO;
				CLANG_ANALYZER_NONNULL = YES;
				CLANG_ANALYZER_NUMBER_OBJECT_CONVERSION = YES_AGGRESSIVE;
				CLANG_CXX_LANGUAGE_STANDARD = "gnu++14";
				CLANG_CXX_LIBRARY = "libc++";
				CLANG_ENABLE_MODULES = YES;
				CLANG_ENABLE_OBJC_ARC = YES;
				CLANG_ENABLE_OBJC_WEAK = YES;
				CLANG_WARN_BLOCK_CAPTURE_AUTORELEASING = YES;
				CLANG_WARN_BOOL_CONVERSION = YES;
				CLANG_WARN_COMMA = YES;
				CLANG_WARN_CONSTANT_CONVERSION = YES;
				CLANG_WARN_DEPRECATED_OBJC_IMPLEMENTATIONS = YES;
				CLANG_WARN_DIRECT_OBJC_ISA_USAGE = YES_ERROR;
				CLANG_WARN_DOCUMENTATION_COMMENTS = YES;
				CLANG_WARN_EMPTY_BODY = YES;
				CLANG_WARN_ENUM_CONVERSION = YES;
				CLANG_WARN_INFINITE_RECURSION = YES;
				CLANG_WARN_INT_CONVERSION = YES;
				CLANG_WARN_NON_LITERAL_NULL_CONVERSION = YES;
				CLANG_WARN_OBJC_IMPLICIT_RETAIN_SELF = YES;
				CLANG_WARN_OBJC_LITERAL_CONVERSION = YES;
				CLANG_WARN_OBJC_ROOT_CLASS = YES_ERROR;
				CLANG_WARN_RANGE_LOOP_ANALYSIS = YES;
				CLANG_WARN_STRICT_PROTOTYPES = YES;
				CLANG_WARN_SUSPICIOUS_MOVE = YES;
				CLANG_WARN_UNGUARDED_AVAILABILITY = YES_AGGRESSIVE;
				CLANG_WARN_UNREACHABLE_CODE = YES;
				CLANG_WARN__DUPLICATE_METHOD_MATCH = YES;
				CODE_SIGN_IDENTITY = "iPhone Developer";
				COPY_PHASE_STRIP = NO;
				DEBUG_INFORMATION_FORMAT = "dwarf-with-dsym";
				ENABLE_NS_ASSERTIONS = NO;
				ENABLE_STRICT_OBJC_MSGSEND = YES;
				GCC_C_LANGUAGE_STANDARD = gnu11;
				GCC_NO_COMMON_BLOCKS = YES;
				GCC_WARN_64_TO_32_BIT_CONVERSION = YES;
				GCC_WARN_ABOUT_RETURN_TYPE = YES_ERROR;
				GCC_WARN_UNDECLARED_SELECTOR = YES;
				GCC_WARN_UNINITIALIZED_AUTOS = YES_AGGRESSIVE;
				GCC_WARN_UNUSED_FUNCTION = YES;
				GCC_WARN_UNUSED_VARIABLE = YES;
				IPHONEOS_DEPLOYMENT_TARGET = 12.1;
				MTL_ENABLE_DEBUG_INFO = NO;
				MTL_FAST_MATH = YES;
				SDKROOT = iphoneos;
				SWIFT_COMPILATION_MODE = wholemodule;
				SWIFT_OPTIMIZATION_LEVEL = "-O";
				VALIDATE_PRODUCT = YES;
			};
			name = Release;
		};
		C93320EF21C9EBD700A814DA /* Debug */ = {
			isa = XCBuildConfiguration;
			buildSettings = {
				ASSETCATALOG_COMPILER_APPICON_NAME = AppIcon;
				CODE_SIGN_STYLE = Automatic;
				DEVELOPMENT_TEAM = 84SRQMJE42;
				INFOPLIST_FILE = VideoDownloader/Info.plist;
				IPHONEOS_DEPLOYMENT_TARGET = 11.0;
				LD_RUNPATH_SEARCH_PATHS = (
					"$(inherited)",
					"@executable_path/Frameworks",
				);
				PRODUCT_BUNDLE_IDENTIFIER = churabou.VideoDownloader;
				PRODUCT_NAME = "$(TARGET_NAME)";
				SWIFT_VERSION = 4.2;
				TARGETED_DEVICE_FAMILY = "1,2";
			};
			name = Debug;
		};
		C93320F021C9EBD700A814DA /* Release */ = {
			isa = XCBuildConfiguration;
			buildSettings = {
				ASSETCATALOG_COMPILER_APPICON_NAME = AppIcon;
				CODE_SIGN_STYLE = Automatic;
				DEVELOPMENT_TEAM = 84SRQMJE42;
				INFOPLIST_FILE = VideoDownloader/Info.plist;
				IPHONEOS_DEPLOYMENT_TARGET = 11.0;
				LD_RUNPATH_SEARCH_PATHS = (
					"$(inherited)",
					"@executable_path/Frameworks",
				);
				PRODUCT_BUNDLE_IDENTIFIER = churabou.VideoDownloader;
				PRODUCT_NAME = "$(TARGET_NAME)";
				SWIFT_VERSION = 4.2;
				TARGETED_DEVICE_FAMILY = "1,2";
			};
			name = Release;
		};
		C93320F221C9EBD700A814DA /* Debug */ = {
			isa = XCBuildConfiguration;
			buildSettings = {
				ALWAYS_EMBED_SWIFT_STANDARD_LIBRARIES = YES;
				BUNDLE_LOADER = "$(TEST_HOST)";
				CODE_SIGN_STYLE = Automatic;
				INFOPLIST_FILE = VideoDownloaderTests/Info.plist;
				LD_RUNPATH_SEARCH_PATHS = (
					"$(inherited)",
					"@executable_path/Frameworks",
					"@loader_path/Frameworks",
				);
				PRODUCT_BUNDLE_IDENTIFIER = churabou.VideoDownloaderTests;
				PRODUCT_NAME = "$(TARGET_NAME)";
				SWIFT_VERSION = 4.2;
				TARGETED_DEVICE_FAMILY = "1,2";
				TEST_HOST = "$(BUILT_PRODUCTS_DIR)/VideoDownloader.app/VideoDownloader";
			};
			name = Debug;
		};
		C93320F321C9EBD700A814DA /* Release */ = {
			isa = XCBuildConfiguration;
			buildSettings = {
				ALWAYS_EMBED_SWIFT_STANDARD_LIBRARIES = YES;
				BUNDLE_LOADER = "$(TEST_HOST)";
				CODE_SIGN_STYLE = Automatic;
				INFOPLIST_FILE = VideoDownloaderTests/Info.plist;
				LD_RUNPATH_SEARCH_PATHS = (
					"$(inherited)",
					"@executable_path/Frameworks",
					"@loader_path/Frameworks",
				);
				PRODUCT_BUNDLE_IDENTIFIER = churabou.VideoDownloaderTests;
				PRODUCT_NAME = "$(TARGET_NAME)";
				SWIFT_VERSION = 4.2;
				TARGETED_DEVICE_FAMILY = "1,2";
				TEST_HOST = "$(BUILT_PRODUCTS_DIR)/VideoDownloader.app/VideoDownloader";
			};
			name = Release;
		};
		C93320F521C9EBD700A814DA /* Debug */ = {
			isa = XCBuildConfiguration;
			buildSettings = {
				ALWAYS_EMBED_SWIFT_STANDARD_LIBRARIES = YES;
				CODE_SIGN_STYLE = Automatic;
				INFOPLIST_FILE = VideoDownloaderUITests/Info.plist;
				LD_RUNPATH_SEARCH_PATHS = (
					"$(inherited)",
					"@executable_path/Frameworks",
					"@loader_path/Frameworks",
				);
				PRODUCT_BUNDLE_IDENTIFIER = churabou.VideoDownloaderUITests;
				PRODUCT_NAME = "$(TARGET_NAME)";
				SWIFT_VERSION = 4.2;
				TARGETED_DEVICE_FAMILY = "1,2";
				TEST_TARGET_NAME = VideoDownloader;
			};
			name = Debug;
		};
		C93320F621C9EBD700A814DA /* Release */ = {
			isa = XCBuildConfiguration;
			buildSettings = {
				ALWAYS_EMBED_SWIFT_STANDARD_LIBRARIES = YES;
				CODE_SIGN_STYLE = Automatic;
				INFOPLIST_FILE = VideoDownloaderUITests/Info.plist;
				LD_RUNPATH_SEARCH_PATHS = (
					"$(inherited)",
					"@executable_path/Frameworks",
					"@loader_path/Frameworks",
				);
				PRODUCT_BUNDLE_IDENTIFIER = churabou.VideoDownloaderUITests;
				PRODUCT_NAME = "$(TARGET_NAME)";
				SWIFT_VERSION = 4.2;
				TARGETED_DEVICE_FAMILY = "1,2";
				TEST_TARGET_NAME = VideoDownloader;
			};
			name = Release;
		};
/* End XCBuildConfiguration section */

/* Begin XCConfigurationList section */
		C93320C121C9EBD000A814DA /* Build configuration list for PBXProject "VideoDownloader" */ = {
			isa = XCConfigurationList;
			buildConfigurations = (
				C93320EC21C9EBD700A814DA /* Debug */,
				C93320ED21C9EBD700A814DA /* Release */,
			);
			defaultConfigurationIsVisible = 0;
			defaultConfigurationName = Release;
		};
		C93320EE21C9EBD700A814DA /* Build configuration list for PBXNativeTarget "VideoDownloader" */ = {
			isa = XCConfigurationList;
			buildConfigurations = (
				C93320EF21C9EBD700A814DA /* Debug */,
				C93320F021C9EBD700A814DA /* Release */,
			);
			defaultConfigurationIsVisible = 0;
			defaultConfigurationName = Release;
		};
		C93320F121C9EBD700A814DA /* Build configuration list for PBXNativeTarget "VideoDownloaderTests" */ = {
			isa = XCConfigurationList;
			buildConfigurations = (
				C93320F221C9EBD700A814DA /* Debug */,
				C93320F321C9EBD700A814DA /* Release */,
			);
			defaultConfigurationIsVisible = 0;
			defaultConfigurationName = Release;
		};
		C93320F421C9EBD700A814DA /* Build configuration list for PBXNativeTarget "VideoDownloaderUITests" */ = {
			isa = XCConfigurationList;
			buildConfigurations = (
				C93320F521C9EBD700A814DA /* Debug */,
				C93320F621C9EBD700A814DA /* Release */,
			);
			defaultConfigurationIsVisible = 0;
			defaultConfigurationName = Release;
		};
/* End XCConfigurationList section */
	};
	rootObject = C93320BE21C9EBD000A814DA /* Project object */;
}
